// !$*UTF8*$!
{
	archiveVersion = 1;
	classes = {
	};
	objectVersion = 50;
	objects = {

/* Begin PBXBuildFile section */
		A0EDA6CD26431657009E3128 /* AppDelegate.swift in Sources */ = {isa = PBXBuildFile; fileRef = A0EDA6CC26431657009E3128 /* AppDelegate.swift */; };
		A0EDA6CF26431657009E3128 /* SceneDelegate.swift in Sources */ = {isa = PBXBuildFile; fileRef = A0EDA6CE26431657009E3128 /* SceneDelegate.swift */; };
		A0EDA6D126431657009E3128 /* ViewController.swift in Sources */ = {isa = PBXBuildFile; fileRef = A0EDA6D026431657009E3128 /* ViewController.swift */; };
		A0EDA6D426431657009E3128 /* Main.storyboard in Resources */ = {isa = PBXBuildFile; fileRef = A0EDA6D226431657009E3128 /* Main.storyboard */; };
		A0EDA6D626431657009E3128 /* Assets.xcassets in Resources */ = {isa = PBXBuildFile; fileRef = A0EDA6D526431657009E3128 /* Assets.xcassets */; };
		A0EDA6D926431657009E3128 /* LaunchScreen.storyboard in Resources */ = {isa = PBXBuildFile; fileRef = A0EDA6D726431657009E3128 /* LaunchScreen.storyboard */; };
		A0EDA70026431677009E3128 /* Shape.swift in Sources */ = {isa = PBXBuildFile; fileRef = A0EDA6FF26431677009E3128 /* Shape.swift */; };
		A0EDA70526432481009E3128 /* Circle.swift in Sources */ = {isa = PBXBuildFile; fileRef = A0EDA70426432481009E3128 /* Circle.swift */; };
		A0EDA70D26432B79009E3128 /* Rectangle.swift in Sources */ = {isa = PBXBuildFile; fileRef = A0EDA70C26432B79009E3128 /* Rectangle.swift */; };
		A0EDA74626436A37009E3128 /* ViewControllerTests.swift in Sources */ = {isa = PBXBuildFile; fileRef = A0EDA7112643554C009E3128 /* ViewControllerTests.swift */; };
/* End PBXBuildFile section */

/* Begin PBXContainerItemProxy section */
		A0EDA6E026431658009E3128 /* PBXContainerItemProxy */ = {
			isa = PBXContainerItemProxy;
			containerPortal = A0EDA6C126431657009E3128 /* Project object */;
			proxyType = 1;
			remoteGlobalIDString = A0EDA6C826431657009E3128;
			remoteInfo = Practice1;
		};
/* End PBXContainerItemProxy section */

/* Begin PBXFileReference section */
		A0EDA6C926431657009E3128 /* Practice1.app */ = {isa = PBXFileReference; explicitFileType = wrapper.application; includeInIndex = 0; path = Practice1.app; sourceTree = BUILT_PRODUCTS_DIR; };
		A0EDA6CC26431657009E3128 /* AppDelegate.swift */ = {isa = PBXFileReference; lastKnownFileType = sourcecode.swift; path = AppDelegate.swift; sourceTree = "<group>"; };
		A0EDA6CE26431657009E3128 /* SceneDelegate.swift */ = {isa = PBXFileReference; lastKnownFileType = sourcecode.swift; path = SceneDelegate.swift; sourceTree = "<group>"; };
		A0EDA6D026431657009E3128 /* ViewController.swift */ = {isa = PBXFileReference; lastKnownFileType = sourcecode.swift; path = ViewController.swift; sourceTree = "<group>"; };
		A0EDA6D326431657009E3128 /* Base */ = {isa = PBXFileReference; lastKnownFileType = file.storyboard; name = Base; path = Base.lproj/Main.storyboard; sourceTree = "<group>"; };
		A0EDA6D526431657009E3128 /* Assets.xcassets */ = {isa = PBXFileReference; lastKnownFileType = folder.assetcatalog; path = Assets.xcassets; sourceTree = "<group>"; };
		A0EDA6D826431657009E3128 /* Base */ = {isa = PBXFileReference; lastKnownFileType = file.storyboard; name = Base; path = Base.lproj/LaunchScreen.storyboard; sourceTree = "<group>"; };
		A0EDA6DA26431657009E3128 /* Info.plist */ = {isa = PBXFileReference; lastKnownFileType = text.plist.xml; path = Info.plist; sourceTree = "<group>"; };
		A0EDA6DF26431658009E3128 /* Practice1Tests.xctest */ = {isa = PBXFileReference; explicitFileType = wrapper.cfbundle; includeInIndex = 0; path = Practice1Tests.xctest; sourceTree = BUILT_PRODUCTS_DIR; };
		A0EDA6E526431658009E3128 /* Info.plist */ = {isa = PBXFileReference; lastKnownFileType = text.plist.xml; path = Info.plist; sourceTree = "<group>"; };
		A0EDA6FF26431677009E3128 /* Shape.swift */ = {isa = PBXFileReference; lastKnownFileType = sourcecode.swift; path = Shape.swift; sourceTree = "<group>"; };
		A0EDA70426432481009E3128 /* Circle.swift */ = {isa = PBXFileReference; lastKnownFileType = sourcecode.swift; path = Circle.swift; sourceTree = "<group>"; };
		A0EDA70C26432B79009E3128 /* Rectangle.swift */ = {isa = PBXFileReference; lastKnownFileType = sourcecode.swift; path = Rectangle.swift; sourceTree = "<group>"; };
		A0EDA7112643554C009E3128 /* ViewControllerTests.swift */ = {isa = PBXFileReference; lastKnownFileType = sourcecode.swift; path = ViewControllerTests.swift; sourceTree = "<group>"; };
/* End PBXFileReference section */

/* Begin PBXFrameworksBuildPhase section */
		A0EDA6C626431657009E3128 /* Frameworks */ = {
			isa = PBXFrameworksBuildPhase;
			buildActionMask = 2147483647;
			files = (
			);
			runOnlyForDeploymentPostprocessing = 0;
		};
		A0EDA6DC26431658009E3128 /* Frameworks */ = {
			isa = PBXFrameworksBuildPhase;
			buildActionMask = 2147483647;
			files = (
			);
			runOnlyForDeploymentPostprocessing = 0;
		};
/* End PBXFrameworksBuildPhase section */

/* Begin PBXGroup section */
		A0EDA6C026431657009E3128 = {
			isa = PBXGroup;
			children = (
				A0EDA6CB26431657009E3128 /* Practice1 */,
				A0EDA6E226431658009E3128 /* Practice1Tests */,
				A0EDA6CA26431657009E3128 /* Products */,
			);
			sourceTree = "<group>";
		};
		A0EDA6CA26431657009E3128 /* Products */ = {
			isa = PBXGroup;
			children = (
				A0EDA6C926431657009E3128 /* Practice1.app */,
				A0EDA6DF26431658009E3128 /* Practice1Tests.xctest */,
			);
			name = Products;
			sourceTree = "<group>";
		};
		A0EDA6CB26431657009E3128 /* Practice1 */ = {
			isa = PBXGroup;
			children = (
				A0EDA6CC26431657009E3128 /* AppDelegate.swift */,
				A0EDA6CE26431657009E3128 /* SceneDelegate.swift */,
				A0EDA6D026431657009E3128 /* ViewController.swift */,
				A0EDA6FF26431677009E3128 /* Shape.swift */,
				A0EDA70426432481009E3128 /* Circle.swift */,
				A0EDA70C26432B79009E3128 /* Rectangle.swift */,
				A0EDA6D226431657009E3128 /* Main.storyboard */,
				A0EDA6D526431657009E3128 /* Assets.xcassets */,
				A0EDA6D726431657009E3128 /* LaunchScreen.storyboard */,
				A0EDA6DA26431657009E3128 /* Info.plist */,
			);
			path = Practice1;
			sourceTree = "<group>";
		};
		A0EDA6E226431658009E3128 /* Practice1Tests */ = {
			isa = PBXGroup;
			children = (
				A0EDA7112643554C009E3128 /* ViewControllerTests.swift */,
				A0EDA6E526431658009E3128 /* Info.plist */,
			);
			path = Practice1Tests;
			sourceTree = "<group>";
		};
/* End PBXGroup section */

/* Begin PBXNativeTarget section */
		A0EDA6C826431657009E3128 /* Practice1 */ = {
			isa = PBXNativeTarget;
			buildConfigurationList = A0EDA6F326431658009E3128 /* Build configuration list for PBXNativeTarget "Practice1" */;
			buildPhases = (
				A0EDA6C526431657009E3128 /* Sources */,
				A0EDA6C626431657009E3128 /* Frameworks */,
				A0EDA6C726431657009E3128 /* Resources */,
			);
			buildRules = (
			);
			dependencies = (
			);
			name = Practice1;
			productName = Practice1;
			productReference = A0EDA6C926431657009E3128 /* Practice1.app */;
			productType = "com.apple.product-type.application";
		};
		A0EDA6DE26431658009E3128 /* Practice1Tests */ = {
			isa = PBXNativeTarget;
			buildConfigurationList = A0EDA6F626431658009E3128 /* Build configuration list for PBXNativeTarget "Practice1Tests" */;
			buildPhases = (
				A0EDA6DB26431658009E3128 /* Sources */,
				A0EDA6DC26431658009E3128 /* Frameworks */,
				A0EDA6DD26431658009E3128 /* Resources */,
			);
			buildRules = (
			);
			dependencies = (
				A0EDA6E126431658009E3128 /* PBXTargetDependency */,
			);
			name = Practice1Tests;
			productName = Practice1Tests;
			productReference = A0EDA6DF26431658009E3128 /* Practice1Tests.xctest */;
			productType = "com.apple.product-type.bundle.unit-test";
		};
/* End PBXNativeTarget section */

/* Begin PBXProject section */
		A0EDA6C126431657009E3128 /* Project object */ = {
			isa = PBXProject;
			attributes = {
				LastSwiftUpdateCheck = 1230;
				LastUpgradeCheck = 1230;
				TargetAttributes = {
					A0EDA6C826431657009E3128 = {
						CreatedOnToolsVersion = 12.3;
					};
					A0EDA6DE26431658009E3128 = {
						CreatedOnToolsVersion = 12.3;
						TestTargetID = A0EDA6C826431657009E3128;
					};
				};
			};
			buildConfigurationList = A0EDA6C426431657009E3128 /* Build configuration list for PBXProject "Practice1" */;
			compatibilityVersion = "Xcode 9.3";
			developmentRegion = en;
			hasScannedForEncodings = 0;
			knownRegions = (
				en,
				Base,
			);
			mainGroup = A0EDA6C026431657009E3128;
			productRefGroup = A0EDA6CA26431657009E3128 /* Products */;
			projectDirPath = "";
			projectRoot = "";
			targets = (
				A0EDA6C826431657009E3128 /* Practice1 */,
				A0EDA6DE26431658009E3128 /* Practice1Tests */,
			);
		};
/* End PBXProject section */

/* Begin PBXResourcesBuildPhase section */
		A0EDA6C726431657009E3128 /* Resources */ = {
			isa = PBXResourcesBuildPhase;
			buildActionMask = 2147483647;
			files = (
				A0EDA6D926431657009E3128 /* LaunchScreen.storyboard in Resources */,
				A0EDA6D626431657009E3128 /* Assets.xcassets in Resources */,
				A0EDA6D426431657009E3128 /* Main.storyboard in Resources */,
			);
			runOnlyForDeploymentPostprocessing = 0;
		};
		A0EDA6DD26431658009E3128 /* Resources */ = {
			isa = PBXResourcesBuildPhase;
			buildActionMask = 2147483647;
			files = (
			);
			runOnlyForDeploymentPostprocessing = 0;
		};
/* End PBXResourcesBuildPhase section */

/* Begin PBXSourcesBuildPhase section */
		A0EDA6C526431657009E3128 /* Sources */ = {
			isa = PBXSourcesBuildPhase;
			buildActionMask = 2147483647;
			files = (
				A0EDA70526432481009E3128 /* Circle.swift in Sources */,
				A0EDA6D126431657009E3128 /* ViewController.swift in Sources */,
				A0EDA6CD26431657009E3128 /* AppDelegate.swift in Sources */,
				A0EDA70D26432B79009E3128 /* Rectangle.swift in Sources */,
				A0EDA6CF26431657009E3128 /* SceneDelegate.swift in Sources */,
				A0EDA70026431677009E3128 /* Shape.swift in Sources */,
			);
			runOnlyForDeploymentPostprocessing = 0;
		};
		A0EDA6DB26431658009E3128 /* Sources */ = {
			isa = PBXSourcesBuildPhase;
			buildActionMask = 2147483647;
			files = (
				A0EDA74626436A37009E3128 /* ViewControllerTests.swift in Sources */,
			);
			runOnlyForDeploymentPostprocessing = 0;
		};
/* End PBXSourcesBuildPhase section */

/* Begin PBXTargetDependency section */
		A0EDA6E126431658009E3128 /* PBXTargetDependency */ = {
			isa = PBXTargetDependency;
			target = A0EDA6C826431657009E3128 /* Practice1 */;
			targetProxy = A0EDA6E026431658009E3128 /* PBXContainerItemProxy */;
		};
/* End PBXTargetDependency section */

/* Begin PBXVariantGroup section */
		A0EDA6D226431657009E3128 /* Main.storyboard */ = {
			isa = PBXVariantGroup;
			children = (
				A0EDA6D326431657009E3128 /* Base */,
			);
			name = Main.storyboard;
			sourceTree = "<group>";
		};
		A0EDA6D726431657009E3128 /* LaunchScreen.storyboard */ = {
			isa = PBXVariantGroup;
			children = (
				A0EDA6D826431657009E3128 /* Base */,
			);
			name = LaunchScreen.storyboard;
			sourceTree = "<group>";
		};
/* End PBXVariantGroup section */

/* Begin XCBuildConfiguration section */
		A0EDA6F126431658009E3128 /* Debug */ = {
			isa = XCBuildConfiguration;
			buildSettings = {
				ALWAYS_SEARCH_USER_PATHS = NO;
				CLANG_ANALYZER_NONNULL = YES;
				CLANG_ANALYZER_NUMBER_OBJECT_CONVERSION = YES_AGGRESSIVE;
				CLANG_CXX_LANGUAGE_STANDARD = "gnu++14";
				CLANG_CXX_LIBRARY = "libc++";
				CLANG_ENABLE_MODULES = YES;
				CLANG_ENABLE_OBJC_ARC = YES;
				CLANG_ENABLE_OBJC_WEAK = YES;
				CLANG_WARN_BLOCK_CAPTURE_AUTORELEASING = YES;
				CLANG_WARN_BOOL_CONVERSION = YES;
				CLANG_WARN_COMMA = YES;
				CLANG_WARN_CONSTANT_CONVERSION = YES;
				CLANG_WARN_DEPRECATED_OBJC_IMPLEMENTATIONS = YES;
				CLANG_WARN_DIRECT_OBJC_ISA_USAGE = YES_ERROR;
				CLANG_WARN_DOCUMENTATION_COMMENTS = YES;
				CLANG_WARN_EMPTY_BODY = YES;
				CLANG_WARN_ENUM_CONVERSION = YES;
				CLANG_WARN_INFINITE_RECURSION = YES;
				CLANG_WARN_INT_CONVERSION = YES;
				CLANG_WARN_NON_LITERAL_NULL_CONVERSION = YES;
				CLANG_WARN_OBJC_IMPLICIT_RETAIN_SELF = YES;
				CLANG_WARN_OBJC_LITERAL_CONVERSION = YES;
				CLANG_WARN_OBJC_ROOT_CLASS = YES_ERROR;
				CLANG_WARN_QUOTED_INCLUDE_IN_FRAMEWORK_HEADER = YES;
				CLANG_WARN_RANGE_LOOP_ANALYSIS = YES;
				CLANG_WARN_STRICT_PROTOTYPES = YES;
				CLANG_WARN_SUSPICIOUS_MOVE = YES;
				CLANG_WARN_UNGUARDED_AVAILABILITY = YES_AGGRESSIVE;
				CLANG_WARN_UNREACHABLE_CODE = YES;
				CLANG_WARN__DUPLICATE_METHOD_MATCH = YES;
				COPY_PHASE_STRIP = NO;
				DEBUG_INFORMATION_FORMAT = dwarf;
				ENABLE_STRICT_OBJC_MSGSEND = YES;
				ENABLE_TESTABILITY = YES;
				GCC_C_LANGUAGE_STANDARD = gnu11;
				GCC_DYNAMIC_NO_PIC = NO;
				GCC_NO_COMMON_BLOCKS = YES;
				GCC_OPTIMIZATION_LEVEL = 0;
				GCC_PREPROCESSOR_DEFINITIONS = (
					"DEBUG=1",
					"$(inherited)",
				);
				GCC_WARN_64_TO_32_BIT_CONVERSION = YES;
				GCC_WARN_ABOUT_RETURN_TYPE = YES_ERROR;
				GCC_WARN_UNDECLARED_SELECTOR = YES;
				GCC_WARN_UNINITIALIZED_AUTOS = YES_AGGRESSIVE;
				GCC_WARN_UNUSED_FUNCTION = YES;
				GCC_WARN_UNUSED_VARIABLE = YES;
				IPHONEOS_DEPLOYMENT_TARGET = 14.3;
				MTL_ENABLE_DEBUG_INFO = INCLUDE_SOURCE;
				MTL_FAST_MATH = YES;
				ONLY_ACTIVE_ARCH = YES;
				SDKROOT = iphoneos;
				SWIFT_ACTIVE_COMPILATION_CONDITIONS = DEBUG;
				SWIFT_OPTIMIZATION_LEVEL = "-Onone";
			};
			name = Debug;
		};
		A0EDA6F226431658009E3128 /* Release */ = {
			isa = XCBuildConfiguration;
			buildSettings = {
				ALWAYS_SEARCH_USER_PATHS = NO;
				CLANG_ANALYZER_NONNULL = YES;
				CLANG_ANALYZER_NUMBER_OBJECT_CONVERSION = YES_AGGRESSIVE;
				CLANG_CXX_LANGUAGE_STANDARD = "gnu++14";
				CLANG_CXX_LIBRARY = "libc++";
				CLANG_ENABLE_MODULES = YES;
				CLANG_ENABLE_OBJC_ARC = YES;
				CLANG_ENABLE_OBJC_WEAK = YES;
				CLANG_WARN_BLOCK_CAPTURE_AUTORELEASING = YES;
				CLANG_WARN_BOOL_CONVERSION = YES;
				CLANG_WARN_COMMA = YES;
				CLANG_WARN_CONSTANT_CONVERSION = YES;
				CLANG_WARN_DEPRECATED_OBJC_IMPLEMENTATIONS = YES;
				CLANG_WARN_DIRECT_OBJC_ISA_USAGE = YES_ERROR;
				CLANG_WARN_DOCUMENTATION_COMMENTS = YES;
				CLANG_WARN_EMPTY_BODY = YES;
				CLANG_WARN_ENUM_CONVERSION = YES;
				CLANG_WARN_INFINITE_RECURSION = YES;
				CLANG_WARN_INT_CONVERSION = YES;
				CLANG_WARN_NON_LITERAL_NULL_CONVERSION = YES;
				CLANG_WARN_OBJC_IMPLICIT_RETAIN_SELF = YES;
				CLANG_WARN_OBJC_LITERAL_CONVERSION = YES;
				CLANG_WARN_OBJC_ROOT_CLASS = YES_ERROR;
				CLANG_WARN_QUOTED_INCLUDE_IN_FRAMEWORK_HEADER = YES;
				CLANG_WARN_RANGE_LOOP_ANALYSIS = YES;
				CLANG_WARN_STRICT_PROTOTYPES = YES;
				CLANG_WARN_SUSPICIOUS_MOVE = YES;
				CLANG_WARN_UNGUARDED_AVAILABILITY = YES_AGGRESSIVE;
				CLANG_WARN_UNREACHABLE_CODE = YES;
				CLANG_WARN__DUPLICATE_METHOD_MATCH = YES;
				COPY_PHASE_STRIP = NO;
				DEBUG_INFORMATION_FORMAT = "dwarf-with-dsym";
				ENABLE_NS_ASSERTIONS = NO;
				ENABLE_STRICT_OBJC_MSGSEND = YES;
				GCC_C_LANGUAGE_STANDARD = gnu11;
				GCC_NO_COMMON_BLOCKS = YES;
				GCC_WARN_64_TO_32_BIT_CONVERSION = YES;
				GCC_WARN_ABOUT_RETURN_TYPE = YES_ERROR;
				GCC_WARN_UNDECLARED_SELECTOR = YES;
				GCC_WARN_UNINITIALIZED_AUTOS = YES_AGGRESSIVE;
				GCC_WARN_UNUSED_FUNCTION = YES;
				GCC_WARN_UNUSED_VARIABLE = YES;
				IPHONEOS_DEPLOYMENT_TARGET = 14.3;
				MTL_ENABLE_DEBUG_INFO = NO;
				MTL_FAST_MATH = YES;
				SDKROOT = iphoneos;
				SWIFT_COMPILATION_MODE = wholemodule;
				SWIFT_OPTIMIZATION_LEVEL = "-O";
				VALIDATE_PRODUCT = YES;
			};
			name = Release;
		};
		A0EDA6F426431658009E3128 /* Debug */ = {
			isa = XCBuildConfiguration;
			buildSettings = {
				ASSETCATALOG_COMPILER_APPICON_NAME = AppIcon;
				ASSETCATALOG_COMPILER_GLOBAL_ACCENT_COLOR_NAME = AccentColor;
				CODE_SIGN_IDENTITY = "Apple Development";
				CODE_SIGN_STYLE = Automatic;
				DEVELOPMENT_TEAM = "";
				INFOPLIST_FILE = Practice1/Info.plist;
				LD_RUNPATH_SEARCH_PATHS = (
					"$(inherited)",
					"@executable_path/Frameworks",
				);
				PRODUCT_BUNDLE_IDENTIFIER = com.ciandt.Practice1;
				PRODUCT_NAME = "$(TARGET_NAME)";
				PROVISIONING_PROFILE_SPECIFIER = "";
				SWIFT_VERSION = 5.0;
				TARGETED_DEVICE_FAMILY = "1,2";
			};
			name = Debug;
		};
		A0EDA6F526431658009E3128 /* Release */ = {
			isa = XCBuildConfiguration;
			buildSettings = {
				ASSETCATALOG_COMPILER_APPICON_NAME = AppIcon;
				ASSETCATALOG_COMPILER_GLOBAL_ACCENT_COLOR_NAME = AccentColor;
				CODE_SIGN_IDENTITY = "Apple Development";
				CODE_SIGN_STYLE = Automatic;
				DEVELOPMENT_TEAM = "";
				INFOPLIST_FILE = Practice1/Info.plist;
				LD_RUNPATH_SEARCH_PATHS = (
					"$(inherited)",
					"@executable_path/Frameworks",
				);
				PRODUCT_BUNDLE_IDENTIFIER = com.ciandt.Practice1;
				PRODUCT_NAME = "$(TARGET_NAME)";
				PROVISIONING_PROFILE_SPECIFIER = "";
				SWIFT_VERSION = 5.0;
				TARGETED_DEVICE_FAMILY = "1,2";
			};
			name = Release;
		};
		A0EDA6F726431658009E3128 /* Debug */ = {
			isa = XCBuildConfiguration;
			buildSettings = {
				ALWAYS_EMBED_SWIFT_STANDARD_LIBRARIES = YES;
				BUNDLE_LOADER = "$(TEST_HOST)";
				CODE_SIGN_STYLE = Automatic;
				DEVELOPMENT_TEAM = A34PS424F2;
				INFOPLIST_FILE = Practice1Tests/Info.plist;
				IPHONEOS_DEPLOYMENT_TARGET = 14.3;
				LD_RUNPATH_SEARCH_PATHS = (
					"$(inherited)",
					"@executable_path/Frameworks",
					"@loader_path/Frameworks",
				);
				PRODUCT_BUNDLE_IDENTIFIER = com.ciandt.Practice1Tests;
				PRODUCT_NAME = "$(TARGET_NAME)";
				SWIFT_VERSION = 5.0;
				TARGETED_DEVICE_FAMILY = "1,2";
				TEST_HOST = "$(BUILT_PRODUCTS_DIR)/Practice1.app/Practice1";
			};
			name = Debug;
		};
		A0EDA6F826431658009E3128 /* Release */ = {
			isa = XCBuildConfiguration;
			buildSettings = {
				ALWAYS_EMBED_SWIFT_STANDARD_LIBRARIES = YES;
				BUNDLE_LOADER = "$(TEST_HOST)";
				CODE_SIGN_STYLE = Automatic;
				DEVELOPMENT_TEAM = A34PS424F2;
				INFOPLIST_FILE = Practice1Tests/Info.plist;
				IPHONEOS_DEPLOYMENT_TARGET = 14.3;
				LD_RUNPATH_SEARCH_PATHS = (
					"$(inherited)",
					"@executable_path/Frameworks",
					"@loader_path/Frameworks",
				);
				PRODUCT_BUNDLE_IDENTIFIER = com.ciandt.Practice1Tests;
				PRODUCT_NAME = "$(TARGET_NAME)";
				SWIFT_VERSION = 5.0;
				TARGETED_DEVICE_FAMILY = "1,2";
				TEST_HOST = "$(BUILT_PRODUCTS_DIR)/Practice1.app/Practice1";
			};
			name = Release;
		};
/* End XCBuildConfiguration section */

/* Begin XCConfigurationList section */
		A0EDA6C426431657009E3128 /* Build configuration list for PBXProject "Practice1" */ = {
			isa = XCConfigurationList;
			buildConfigurations = (
				A0EDA6F126431658009E3128 /* Debug */,
				A0EDA6F226431658009E3128 /* Release */,
			);
			defaultConfigurationIsVisible = 0;
			defaultConfigurationName = Release;
		};
		A0EDA6F326431658009E3128 /* Build configuration list for PBXNativeTarget "Practice1" */ = {
			isa = XCConfigurationList;
			buildConfigurations = (
				A0EDA6F426431658009E3128 /* Debug */,
				A0EDA6F526431658009E3128 /* Release */,
			);
			defaultConfigurationIsVisible = 0;
			defaultConfigurationName = Release;
		};
		A0EDA6F626431658009E3128 /* Build configuration list for PBXNativeTarget "Practice1Tests" */ = {
			isa = XCConfigurationList;
			buildConfigurations = (
				A0EDA6F726431658009E3128 /* Debug */,
				A0EDA6F826431658009E3128 /* Release */,
			);
			defaultConfigurationIsVisible = 0;
			defaultConfigurationName = Release;
		};
/* End XCConfigurationList section */
	};
	rootObject = A0EDA6C126431657009E3128 /* Project object */;
}
